
Microsoft Visual Studio Solution File, Format Version 12.00
# Visual Studio Version 17
VisualStudioVersion = 17.14.36518.9 d17.14
MinimumVisualStudioVersion = 10.0.40219.1
Project("{FAE04EC0-301F-11D3-BF4B-00C04F79EFBC}") = "JobTracker.Api", "JobTracker.Api\JobTracker.Api.csproj", "{64865D8C-9526-4565-A331-860DA211A509}"
EndProject
Project("{FAE04EC0-301F-11D3-BF4B-00C04F79EFBC}") = "JobTracker.Application", "JobTracker.Application\JobTracker.Application.csproj", "{EB4CBE51-EAE6-4767-B648-787D7EB56A8A}"
EndProject
Project("{FAE04EC0-301F-11D3-BF4B-00C04F79EFBC}") = "JobTracker.Domain", "JobTracker.Domain\JobTracker.Domain.csproj", "{911EDCB4-CD70-40C5-B288-85AF8C1F0ABF}"
EndProject
Project("{FAE04EC0-301F-11D3-BF4B-00C04F79EFBC}") = "JobTracker.Infrastructure", "JobTracker.Infrastructure\JobTracker.Infrastructure.csproj", "{58A13141-5661-4977-A19B-E46D5A2DC4F1}"
EndProject
Global
	GlobalSection(SolutionConfigurationPlatforms) = preSolution
		Debug|Any CPU = Debug|Any CPU
		Release|Any CPU = Release|Any CPU
	EndGlobalSection
	GlobalSection(ProjectConfigurationPlatforms) = postSolution
		{64865D8C-9526-4565-A331-860DA211A509}.Debug|Any CPU.ActiveCfg = Debug|Any CPU
		{64865D8C-9526-4565-A331-860DA211A509}.Debug|Any CPU.Build.0 = Debug|Any CPU
		{64865D8C-9526-4565-A331-860DA211A509}.Release|Any CPU.ActiveCfg = Release|Any CPU
		{64865D8C-9526-4565-A331-860DA211A509}.Release|Any CPU.Build.0 = Release|Any CPU
		{EB4CBE51-EAE6-4767-B648-787D7EB56A8A}.Debug|Any CPU.ActiveCfg = Debug|Any CPU
		{EB4CBE51-EAE6-4767-B648-787D7EB56A8A}.Debug|Any CPU.Build.0 = Debug|Any CPU
		{EB4CBE51-EAE6-4767-B648-787D7EB56A8A}.Release|Any CPU.ActiveCfg = Release|Any CPU
		{EB4CBE51-EAE6-4767-B648-787D7EB56A8A}.Release|Any CPU.Build.0 = Release|Any CPU
		{911EDCB4-CD70-40C5-B288-85AF8C1F0ABF}.Debug|Any CPU.ActiveCfg = Debug|Any CPU
		{911EDCB4-CD70-40C5-B288-85AF8C1F0ABF}.Debug|Any CPU.Build.0 = Debug|Any CPU
		{911EDCB4-CD70-40C5-B288-85AF8C1F0ABF}.Release|Any CPU.ActiveCfg = Release|Any CPU
		{911EDCB4-CD70-40C5-B288-85AF8C1F0ABF}.Release|Any CPU.Build.0 = Release|Any CPU
		{58A13141-5661-4977-A19B-E46D5A2DC4F1}.Debug|Any CPU.ActiveCfg = Debug|Any CPU
		{58A13141-5661-4977-A19B-E46D5A2DC4F1}.Debug|Any CPU.Build.0 = Debug|Any CPU
		{58A13141-5661-4977-A19B-E46D5A2DC4F1}.Release|Any CPU.ActiveCfg = Release|Any CPU
		{58A13141-5661-4977-A19B-E46D5A2DC4F1}.Release|Any CPU.Build.0 = Release|Any CPU
	EndGlobalSection
	GlobalSection(SolutionProperties) = preSolution
		HideSolutionNode = FALSE
	EndGlobalSection
	GlobalSection(ExtensibilityGlobals) = postSolution
		SolutionGuid = {FF8012B7-0B2F-4F83-90E7-8F9378A1AAD7}
	EndGlobalSection
EndGlobal
